PODS:
  - KSCrash (2.5.1):
    - KSCrash/Installations (= 2.5.1)
  - KSCrash/Core (2.5.1)
  - KSCrash/DemangleFilter (2.5.1):
    - KSCrash/Recording
  - KSCrash/Filters (2.5.1):
    - KSCrash/Recording
    - KSCrash/RecordingCore
    - KSCrash/ReportingCore
  - KSCrash/Installations (2.5.1):
    - KSCrash/DemangleFilter
    - KSCrash/Filters
    - KSCrash/Recording
    - KSCrash/Sinks
  - KSCrash/Recording (2.5.1):
    - KSCrash/RecordingCore
  - KSCrash/RecordingCore (2.5.1):
    - KSCrash/Core
  - KSCrash/ReportingCore (2.5.1):
    - KSCrash/Core
  - KSCrash/Sinks (2.5.1):
    - KSCrash/Filters
    - KSCrash/Recording
  - OpenTelemetry-Swift-Api (2.2.0)
  - OpenTelemetry-Swift-Sdk (2.2.0):
    - OpenTelemetry-Swift-Api (= 2.2.0)
  - PulseKit (0.0.1):
    - KSCrash (~> 2.5)
    - OpenTelemetry-Swift-Api (= 2.2.0)
    - OpenTelemetry-Swift-Sdk (= 2.2.0)
    - SwiftProtobuf (~> 1.28)
  - SwiftProtobuf (1.34.1)

DEPENDENCIES:
  - PulseKit (from `../../`)

SPEC REPOS:
  trunk:
    - KSCrash
    - OpenTelemetry-Swift-Api
    - OpenTelemetry-Swift-Sdk
    - SwiftProtobuf

EXTERNAL SOURCES:
  PulseKit:
    :path: "../../"

SPEC CHECKSUMS:
  KSCrash: 8c4464fd5da7de520f2ce4a00fdf63f169a80f18
  OpenTelemetry-Swift-Api: 0785e3b9888286449aa297c0b48269797bfcaf7f
  OpenTelemetry-Swift-Sdk: b856396d6147c01829a88ad782f481c0e1cd0966
  PulseKit: 397f29185c52e1f89c0d4badd0093b36afba79fe
  SwiftProtobuf: c901f00a3e125dc33cac9b16824da85682ee47da

PODFILE CHECKSUM: f062e09aa835ba60cec9e8cb40ef5083c212cfc1

COCOAPODS: 1.15.2
